
Microsoft Visual Studio Solution File, Format Version 12.00
# Visual Studio Version 17
VisualStudioVersion = 17.4.33403.182
MinimumVisualStudioVersion = 10.0.40219.1
Project("{9A19103F-16F7-4668-BE54-9A1E7A4F7556}") = "SampleGenerator", "SampleGenerator\SampleGenerator.csproj", "{2A055288-B608-46E7-A525-8EF2425F1790}"
EndProject
Project("{FAE04EC0-301F-11D3-BF4B-00C04F79EFBC}") = "TestGenerator", "TestGenerator\TestGenerator.csproj", "{AB736F1B-A880-4D6E-AF8A-674CA16B2BB0}"
EndProject
Global
	GlobalSection(SolutionConfigurationPlatforms) = preSolution
		Debug|Any CPU = Debug|Any CPU
		Release|Any CPU = Release|Any CPU
	EndGlobalSection
	GlobalSection(ProjectConfigurationPlatforms) = postSolution
		{2A055288-B608-46E7-A525-8EF2425F1790}.Debug|Any CPU.ActiveCfg = Debug|Any CPU
		{2A055288-B608-46E7-A525-8EF2425F1790}.Debug|Any CPU.Build.0 = Debug|Any CPU
		{2A055288-B608-46E7-A525-8EF2425F1790}.Release|Any CPU.ActiveCfg = Release|Any CPU
		{2A055288-B608-46E7-A525-8EF2425F1790}.Release|Any CPU.Build.0 = Release|Any CPU
		{AB736F1B-A880-4D6E-AF8A-674CA16B2BB0}.Debug|Any CPU.ActiveCfg = Debug|Any CPU
		{AB736F1B-A880-4D6E-AF8A-674CA16B2BB0}.Debug|Any CPU.Build.0 = Debug|Any CPU
		{AB736F1B-A880-4D6E-AF8A-674CA16B2BB0}.Release|Any CPU.ActiveCfg = Release|Any CPU
		{AB736F1B-A880-4D6E-AF8A-674CA16B2BB0}.Release|Any CPU.Build.0 = Release|Any CPU
	EndGlobalSection
	GlobalSection(SolutionProperties) = preSolution
		HideSolutionNode = FALSE
	EndGlobalSection
	GlobalSection(ExtensibilityGlobals) = postSolution
		SolutionGuid = {ECB6650D-FD97-4C8C-8E06-732D692B23FC}
	EndGlobalSection
EndGlobal
